// !$*UTF8*$!
{
	archiveVersion = 1;
	classes = {
	};
	objectVersion = 56;
	objects = {

/* Begin PBXBuildFile section */
		F84CCE502C1634B6004B1815 /* AppDelegate.swift in Sources */ = {isa = PBXBuildFile; fileRef = F84CCE4F2C1634B6004B1815 /* AppDelegate.swift */; };
		F84CCE522C1634B6004B1815 /* SceneDelegate.swift in Sources */ = {isa = PBXBuildFile; fileRef = F84CCE512C1634B6004B1815 /* SceneDelegate.swift */; };
		F84CCE542C1634B6004B1815 /* ViewController.swift in Sources */ = {isa = PBXBuildFile; fileRef = F84CCE532C1634B6004B1815 /* ViewController.swift */; };
		F84CCE572C1634B6004B1815 /* Base in Resources */ = {isa = PBXBuildFile; fileRef = F84CCE562C1634B6004B1815 /* Base */; };
		F84CCE592C1634B7004B1815 /* Assets.xcassets in Resources */ = {isa = PBXBuildFile; fileRef = F84CCE582C1634B7004B1815 /* Assets.xcassets */; };
		F84CCE5C2C1634B7004B1815 /* Base in Resources */ = {isa = PBXBuildFile; fileRef = F84CCE5B2C1634B7004B1815 /* Base */; };
		F84CCE672C1634B7004B1815 /* CPSC5330_3Tests.swift in Sources */ = {isa = PBXBuildFile; fileRef = F84CCE662C1634B7004B1815 /* CPSC5330_3Tests.swift */; };
		F84CCE712C1634B8004B1815 /* CPSC5330_3UITests.swift in Sources */ = {isa = PBXBuildFile; fileRef = F84CCE702C1634B8004B1815 /* CPSC5330_3UITests.swift */; };
		F84CCE732C1634B8004B1815 /* CPSC5330_3UITestsLaunchTests.swift in Sources */ = {isa = PBXBuildFile; fileRef = F84CCE722C1634B8004B1815 /* CPSC5330_3UITestsLaunchTests.swift */; };
/* End PBXBuildFile section */

/* Begin PBXContainerItemProxy section */
		F84CCE632C1634B7004B1815 /* PBXContainerItemProxy */ = {
			isa = PBXContainerItemProxy;
			containerPortal = F84CCE442C1634B6004B1815 /* Project object */;
			proxyType = 1;
			remoteGlobalIDString = F84CCE4B2C1634B6004B1815;
			remoteInfo = "CPSC5330-3";
		};
		F84CCE6D2C1634B8004B1815 /* PBXContainerItemProxy */ = {
			isa = PBXContainerItemProxy;
			containerPortal = F84CCE442C1634B6004B1815 /* Project object */;
			proxyType = 1;
			remoteGlobalIDString = F84CCE4B2C1634B6004B1815;
			remoteInfo = "CPSC5330-3";
		};
/* End PBXContainerItemProxy section */

/* Begin PBXFileReference section */
		F84CCE4C2C1634B6004B1815 /* CPSC5330-3.app */ = {isa = PBXFileReference; explicitFileType = wrapper.application; includeInIndex = 0; path = "CPSC5330-3.app"; sourceTree = BUILT_PRODUCTS_DIR; };
		F84CCE4F2C1634B6004B1815 /* AppDelegate.swift */ = {isa = PBXFileReference; lastKnownFileType = sourcecode.swift; path = AppDelegate.swift; sourceTree = "<group>"; };
		F84CCE512C1634B6004B1815 /* SceneDelegate.swift */ = {isa = PBXFileReference; lastKnownFileType = sourcecode.swift; path = SceneDelegate.swift; sourceTree = "<group>"; };
		F84CCE532C1634B6004B1815 /* ViewController.swift */ = {isa = PBXFileReference; lastKnownFileType = sourcecode.swift; path = ViewController.swift; sourceTree = "<group>"; };
		F84CCE562C1634B6004B1815 /* Base */ = {isa = PBXFileReference; lastKnownFileType = file.storyboard; name = Base; path = Base.lproj/Main.storyboard; sourceTree = "<group>"; };
		F84CCE582C1634B7004B1815 /* Assets.xcassets */ = {isa = PBXFileReference; lastKnownFileType = folder.assetcatalog; path = Assets.xcassets; sourceTree = "<group>"; };
		F84CCE5B2C1634B7004B1815 /* Base */ = {isa = PBXFileReference; lastKnownFileType = file.storyboard; name = Base; path = Base.lproj/LaunchScreen.storyboard; sourceTree = "<group>"; };
		F84CCE5D2C1634B7004B1815 /* Info.plist */ = {isa = PBXFileReference; lastKnownFileType = text.plist.xml; path = Info.plist; sourceTree = "<group>"; };
		F84CCE622C1634B7004B1815 /* CPSC5330-3Tests.xctest */ = {isa = PBXFileReference; explicitFileType = wrapper.cfbundle; includeInIndex = 0; path = "CPSC5330-3Tests.xctest"; sourceTree = BUILT_PRODUCTS_DIR; };
		F84CCE662C1634B7004B1815 /* CPSC5330_3Tests.swift */ = {isa = PBXFileReference; lastKnownFileType = sourcecode.swift; path = CPSC5330_3Tests.swift; sourceTree = "<group>"; };
		F84CCE6C2C1634B8004B1815 /* CPSC5330-3UITests.xctest */ = {isa = PBXFileReference; explicitFileType = wrapper.cfbundle; includeInIndex = 0; path = "CPSC5330-3UITests.xctest"; sourceTree = BUILT_PRODUCTS_DIR; };
		F84CCE702C1634B8004B1815 /* CPSC5330_3UITests.swift */ = {isa = PBXFileReference; lastKnownFileType = sourcecode.swift; path = CPSC5330_3UITests.swift; sourceTree = "<group>"; };
		F84CCE722C1634B8004B1815 /* CPSC5330_3UITestsLaunchTests.swift */ = {isa = PBXFileReference; lastKnownFileType = sourcecode.swift; path = CPSC5330_3UITestsLaunchTests.swift; sourceTree = "<group>"; };
/* End PBXFileReference section */

/* Begin PBXFrameworksBuildPhase section */
		F84CCE492C1634B6004B1815 /* Frameworks */ = {
			isa = PBXFrameworksBuildPhase;
			buildActionMask = 2147483647;
			files = (
			);
			runOnlyForDeploymentPostprocessing = 0;
		};
		F84CCE5F2C1634B7004B1815 /* Frameworks */ = {
			isa = PBXFrameworksBuildPhase;
			buildActionMask = 2147483647;
			files = (
			);
			runOnlyForDeploymentPostprocessing = 0;
		};
		F84CCE692C1634B8004B1815 /* Frameworks */ = {
			isa = PBXFrameworksBuildPhase;
			buildActionMask = 2147483647;
			files = (
			);
			runOnlyForDeploymentPostprocessing = 0;
		};
/* End PBXFrameworksBuildPhase section */

/* Begin PBXGroup section */
		F84CCE432C1634B6004B1815 = {
			isa = PBXGroup;
			children = (
				F84CCE4E2C1634B6004B1815 /* CPSC5330-3 */,
				F84CCE652C1634B7004B1815 /* CPSC5330-3Tests */,
				F84CCE6F2C1634B8004B1815 /* CPSC5330-3UITests */,
				F84CCE4D2C1634B6004B1815 /* Products */,
			);
			sourceTree = "<group>";
		};
		F84CCE4D2C1634B6004B1815 /* Products */ = {
			isa = PBXGroup;
			children = (
				F84CCE4C2C1634B6004B1815 /* CPSC5330-3.app */,
				F84CCE622C1634B7004B1815 /* CPSC5330-3Tests.xctest */,
				F84CCE6C2C1634B8004B1815 /* CPSC5330-3UITests.xctest */,
			);
			name = Products;
			sourceTree = "<group>";
		};
		F84CCE4E2C1634B6004B1815 /* CPSC5330-3 */ = {
			isa = PBXGroup;
			children = (
				F84CCE4F2C1634B6004B1815 /* AppDelegate.swift */,
				F84CCE512C1634B6004B1815 /* SceneDelegate.swift */,
				F84CCE532C1634B6004B1815 /* ViewController.swift */,
				F84CCE552C1634B6004B1815 /* Main.storyboard */,
				F84CCE582C1634B7004B1815 /* Assets.xcassets */,
				F84CCE5A2C1634B7004B1815 /* LaunchScreen.storyboard */,
				F84CCE5D2C1634B7004B1815 /* Info.plist */,
			);
			path = "CPSC5330-3";
			sourceTree = "<group>";
		};
		F84CCE652C1634B7004B1815 /* CPSC5330-3Tests */ = {
			isa = PBXGroup;
			children = (
				F84CCE662C1634B7004B1815 /* CPSC5330_3Tests.swift */,
			);
			path = "CPSC5330-3Tests";
			sourceTree = "<group>";
		};
		F84CCE6F2C1634B8004B1815 /* CPSC5330-3UITests */ = {
			isa = PBXGroup;
			children = (
				F84CCE702C1634B8004B1815 /* CPSC5330_3UITests.swift */,
				F84CCE722C1634B8004B1815 /* CPSC5330_3UITestsLaunchTests.swift */,
			);
			path = "CPSC5330-3UITests";
			sourceTree = "<group>";
		};
/* End PBXGroup section */

/* Begin PBXNativeTarget section */
		F84CCE4B2C1634B6004B1815 /* CPSC5330-3 */ = {
			isa = PBXNativeTarget;
			buildConfigurationList = F84CCE762C1634B8004B1815 /* Build configuration list for PBXNativeTarget "CPSC5330-3" */;
			buildPhases = (
				F84CCE482C1634B6004B1815 /* Sources */,
				F84CCE492C1634B6004B1815 /* Frameworks */,
				F84CCE4A2C1634B6004B1815 /* Resources */,
			);
			buildRules = (
			);
			dependencies = (
			);
			name = "CPSC5330-3";
			productName = "CPSC5330-3";
			productReference = F84CCE4C2C1634B6004B1815 /* CPSC5330-3.app */;
			productType = "com.apple.product-type.application";
		};
		F84CCE612C1634B7004B1815 /* CPSC5330-3Tests */ = {
			isa = PBXNativeTarget;
			buildConfigurationList = F84CCE792C1634B8004B1815 /* Build configuration list for PBXNativeTarget "CPSC5330-3Tests" */;
			buildPhases = (
				F84CCE5E2C1634B7004B1815 /* Sources */,
				F84CCE5F2C1634B7004B1815 /* Frameworks */,
				F84CCE602C1634B7004B1815 /* Resources */,
			);
			buildRules = (
			);
			dependencies = (
				F84CCE642C1634B7004B1815 /* PBXTargetDependency */,
			);
			name = "CPSC5330-3Tests";
			productName = "CPSC5330-3Tests";
			productReference = F84CCE622C1634B7004B1815 /* CPSC5330-3Tests.xctest */;
			productType = "com.apple.product-type.bundle.unit-test";
		};
		F84CCE6B2C1634B8004B1815 /* CPSC5330-3UITests */ = {
			isa = PBXNativeTarget;
			buildConfigurationList = F84CCE7C2C1634B8004B1815 /* Build configuration list for PBXNativeTarget "CPSC5330-3UITests" */;
			buildPhases = (
				F84CCE682C1634B8004B1815 /* Sources */,
				F84CCE692C1634B8004B1815 /* Frameworks */,
				F84CCE6A2C1634B8004B1815 /* Resources */,
			);
			buildRules = (
			);
			dependencies = (
				F84CCE6E2C1634B8004B1815 /* PBXTargetDependency */,
			);
			name = "CPSC5330-3UITests";
			productName = "CPSC5330-3UITests";
			productReference = F84CCE6C2C1634B8004B1815 /* CPSC5330-3UITests.xctest */;
			productType = "com.apple.product-type.bundle.ui-testing";
		};
/* End PBXNativeTarget section */

/* Begin PBXProject section */
		F84CCE442C1634B6004B1815 /* Project object */ = {
			isa = PBXProject;
			attributes = {
				BuildIndependentTargetsInParallel = 1;
				LastSwiftUpdateCheck = 1530;
				LastUpgradeCheck = 1530;
				TargetAttributes = {
					F84CCE4B2C1634B6004B1815 = {
						CreatedOnToolsVersion = 15.3;
					};
					F84CCE612C1634B7004B1815 = {
						CreatedOnToolsVersion = 15.3;
						TestTargetID = F84CCE4B2C1634B6004B1815;
					};
					F84CCE6B2C1634B8004B1815 = {
						CreatedOnToolsVersion = 15.3;
						TestTargetID = F84CCE4B2C1634B6004B1815;
					};
				};
			};
			buildConfigurationList = F84CCE472C1634B6004B1815 /* Build configuration list for PBXProject "CPSC5330-3" */;
			compatibilityVersion = "Xcode 14.0";
			developmentRegion = en;
			hasScannedForEncodings = 0;
			knownRegions = (
				en,
				Base,
			);
			mainGroup = F84CCE432C1634B6004B1815;
			productRefGroup = F84CCE4D2C1634B6004B1815 /* Products */;
			projectDirPath = "";
			projectRoot = "";
			targets = (
				F84CCE4B2C1634B6004B1815 /* CPSC5330-3 */,
				F84CCE612C1634B7004B1815 /* CPSC5330-3Tests */,
				F84CCE6B2C1634B8004B1815 /* CPSC5330-3UITests */,
			);
		};
/* End PBXProject section */

/* Begin PBXResourcesBuildPhase section */
		F84CCE4A2C1634B6004B1815 /* Resources */ = {
			isa = PBXResourcesBuildPhase;
			buildActionMask = 2147483647;
			files = (
				F84CCE592C1634B7004B1815 /* Assets.xcassets in Resources */,
				F84CCE5C2C1634B7004B1815 /* Base in Resources */,
				F84CCE572C1634B6004B1815 /* Base in Resources */,
			);
			runOnlyForDeploymentPostprocessing = 0;
		};
		F84CCE602C1634B7004B1815 /* Resources */ = {
			isa = PBXResourcesBuildPhase;
			buildActionMask = 2147483647;
			files = (
			);
			runOnlyForDeploymentPostprocessing = 0;
		};
		F84CCE6A2C1634B8004B1815 /* Resources */ = {
			isa = PBXResourcesBuildPhase;
			buildActionMask = 2147483647;
			files = (
			);
			runOnlyForDeploymentPostprocessing = 0;
		};
/* End PBXResourcesBuildPhase section */

/* Begin PBXSourcesBuildPhase section */
		F84CCE482C1634B6004B1815 /* Sources */ = {
			isa = PBXSourcesBuildPhase;
			buildActionMask = 2147483647;
			files = (
				F84CCE542C1634B6004B1815 /* ViewController.swift in Sources */,
				F84CCE502C1634B6004B1815 /* AppDelegate.swift in Sources */,
				F84CCE522C1634B6004B1815 /* SceneDelegate.swift in Sources */,
			);
			runOnlyForDeploymentPostprocessing = 0;
		};
		F84CCE5E2C1634B7004B1815 /* Sources */ = {
			isa = PBXSourcesBuildPhase;
			buildActionMask = 2147483647;
			files = (
				F84CCE672C1634B7004B1815 /* CPSC5330_3Tests.swift in Sources */,
			);
			runOnlyForDeploymentPostprocessing = 0;
		};
		F84CCE682C1634B8004B1815 /* Sources */ = {
			isa = PBXSourcesBuildPhase;
			buildActionMask = 2147483647;
			files = (
				F84CCE732C1634B8004B1815 /* CPSC5330_3UITestsLaunchTests.swift in Sources */,
				F84CCE712C1634B8004B1815 /* CPSC5330_3UITests.swift in Sources */,
			);
			runOnlyForDeploymentPostprocessing = 0;
		};
/* End PBXSourcesBuildPhase section */

/* Begin PBXTargetDependency section */
		F84CCE642C1634B7004B1815 /* PBXTargetDependency */ = {
			isa = PBXTargetDependency;
			target = F84CCE4B2C1634B6004B1815 /* CPSC5330-3 */;
			targetProxy = F84CCE632C1634B7004B1815 /* PBXContainerItemProxy */;
		};
		F84CCE6E2C1634B8004B1815 /* PBXTargetDependency */ = {
			isa = PBXTargetDependency;
			target = F84CCE4B2C1634B6004B1815 /* CPSC5330-3 */;
			targetProxy = F84CCE6D2C1634B8004B1815 /* PBXContainerItemProxy */;
		};
/* End PBXTargetDependency section */

/* Begin PBXVariantGroup section */
		F84CCE552C1634B6004B1815 /* Main.storyboard */ = {
			isa = PBXVariantGroup;
			children = (
				F84CCE562C1634B6004B1815 /* Base */,
			);
			name = Main.storyboard;
			sourceTree = "<group>";
		};
		F84CCE5A2C1634B7004B1815 /* LaunchScreen.storyboard */ = {
			isa = PBXVariantGroup;
			children = (
				F84CCE5B2C1634B7004B1815 /* Base */,
			);
			name = LaunchScreen.storyboard;
			sourceTree = "<group>";
		};
/* End PBXVariantGroup section */

/* Begin XCBuildConfiguration section */
		F84CCE742C1634B8004B1815 /* Debug */ = {
			isa = XCBuildConfiguration;
			buildSettings = {
				ALWAYS_SEARCH_USER_PATHS = NO;
				ASSETCATALOG_COMPILER_GENERATE_SWIFT_ASSET_SYMBOL_EXTENSIONS = YES;
				CLANG_ANALYZER_NONNULL = YES;
				CLANG_ANALYZER_NUMBER_OBJECT_CONVERSION = YES_AGGRESSIVE;
				CLANG_CXX_LANGUAGE_STANDARD = "gnu++20";
				CLANG_ENABLE_MODULES = YES;
				CLANG_ENABLE_OBJC_ARC = YES;
				CLANG_ENABLE_OBJC_WEAK = YES;
				CLANG_WARN_BLOCK_CAPTURE_AUTORELEASING = YES;
				CLANG_WARN_BOOL_CONVERSION = YES;
				CLANG_WARN_COMMA = YES;
				CLANG_WARN_CONSTANT_CONVERSION = YES;
				CLANG_WARN_DEPRECATED_OBJC_IMPLEMENTATIONS = YES;
				CLANG_WARN_DIRECT_OBJC_ISA_USAGE = YES_ERROR;
				CLANG_WARN_DOCUMENTATION_COMMENTS = YES;
				CLANG_WARN_EMPTY_BODY = YES;
				CLANG_WARN_ENUM_CONVERSION = YES;
				CLANG_WARN_INFINITE_RECURSION = YES;
				CLANG_WARN_INT_CONVERSION = YES;
				CLANG_WARN_NON_LITERAL_NULL_CONVERSION = YES;
				CLANG_WARN_OBJC_IMPLICIT_RETAIN_SELF = YES;
				CLANG_WARN_OBJC_LITERAL_CONVERSION = YES;
				CLANG_WARN_OBJC_ROOT_CLASS = YES_ERROR;
				CLANG_WARN_QUOTED_INCLUDE_IN_FRAMEWORK_HEADER = YES;
				CLANG_WARN_RANGE_LOOP_ANALYSIS = YES;
				CLANG_WARN_STRICT_PROTOTYPES = YES;
				CLANG_WARN_SUSPICIOUS_MOVE = YES;
				CLANG_WARN_UNGUARDED_AVAILABILITY = YES_AGGRESSIVE;
				CLANG_WARN_UNREACHABLE_CODE = YES;
				CLANG_WARN__DUPLICATE_METHOD_MATCH = YES;
				COPY_PHASE_STRIP = NO;
				DEBUG_INFORMATION_FORMAT = dwarf;
				ENABLE_STRICT_OBJC_MSGSEND = YES;
				ENABLE_TESTABILITY = YES;
				ENABLE_USER_SCRIPT_SANDBOXING = YES;
				GCC_C_LANGUAGE_STANDARD = gnu17;
				GCC_DYNAMIC_NO_PIC = NO;
				GCC_NO_COMMON_BLOCKS = YES;
				GCC_OPTIMIZATION_LEVEL = 0;
				GCC_PREPROCESSOR_DEFINITIONS = (
					"DEBUG=1",
					"$(inherited)",
				);
				GCC_WARN_64_TO_32_BIT_CONVERSION = YES;
				GCC_WARN_ABOUT_RETURN_TYPE = YES_ERROR;
				GCC_WARN_UNDECLARED_SELECTOR = YES;
				GCC_WARN_UNINITIALIZED_AUTOS = YES_AGGRESSIVE;
				GCC_WARN_UNUSED_FUNCTION = YES;
				GCC_WARN_UNUSED_VARIABLE = YES;
				IPHONEOS_DEPLOYMENT_TARGET = 17.4;
				LOCALIZATION_PREFERS_STRING_CATALOGS = YES;
				MTL_ENABLE_DEBUG_INFO = INCLUDE_SOURCE;
				MTL_FAST_MATH = YES;
				ONLY_ACTIVE_ARCH = YES;
				SDKROOT = iphoneos;
				SWIFT_ACTIVE_COMPILATION_CONDITIONS = "DEBUG $(inherited)";
				SWIFT_OPTIMIZATION_LEVEL = "-Onone";
			};
			name = Debug;
		};
		F84CCE752C1634B8004B1815 /* Release */ = {
			isa = XCBuildConfiguration;
			buildSettings = {
				ALWAYS_SEARCH_USER_PATHS = NO;
				ASSETCATALOG_COMPILER_GENERATE_SWIFT_ASSET_SYMBOL_EXTENSIONS = YES;
				CLANG_ANALYZER_NONNULL = YES;
				CLANG_ANALYZER_NUMBER_OBJECT_CONVERSION = YES_AGGRESSIVE;
				CLANG_CXX_LANGUAGE_STANDARD = "gnu++20";
				CLANG_ENABLE_MODULES = YES;
				CLANG_ENABLE_OBJC_ARC = YES;
				CLANG_ENABLE_OBJC_WEAK = YES;
				CLANG_WARN_BLOCK_CAPTURE_AUTORELEASING = YES;
				CLANG_WARN_BOOL_CONVERSION = YES;
				CLANG_WARN_COMMA = YES;
				CLANG_WARN_CONSTANT_CONVERSION = YES;
				CLANG_WARN_DEPRECATED_OBJC_IMPLEMENTATIONS = YES;
				CLANG_WARN_DIRECT_OBJC_ISA_USAGE = YES_ERROR;
				CLANG_WARN_DOCUMENTATION_COMMENTS = YES;
				CLANG_WARN_EMPTY_BODY = YES;
				CLANG_WARN_ENUM_CONVERSION = YES;
				CLANG_WARN_INFINITE_RECURSION = YES;
				CLANG_WARN_INT_CONVERSION = YES;
				CLANG_WARN_NON_LITERAL_NULL_CONVERSION = YES;
				CLANG_WARN_OBJC_IMPLICIT_RETAIN_SELF = YES;
				CLANG_WARN_OBJC_LITERAL_CONVERSION = YES;
				CLANG_WARN_OBJC_ROOT_CLASS = YES_ERROR;
				CLANG_WARN_QUOTED_INCLUDE_IN_FRAMEWORK_HEADER = YES;
				CLANG_WARN_RANGE_LOOP_ANALYSIS = YES;
				CLANG_WARN_STRICT_PROTOTYPES = YES;
				CLANG_WARN_SUSPICIOUS_MOVE = YES;
				CLANG_WARN_UNGUARDED_AVAILABILITY = YES_AGGRESSIVE;
				CLANG_WARN_UNREACHABLE_CODE = YES;
				CLANG_WARN__DUPLICATE_METHOD_MATCH = YES;
				COPY_PHASE_STRIP = NO;
				DEBUG_INFORMATION_FORMAT = "dwarf-with-dsym";
				ENABLE_NS_ASSERTIONS = NO;
				ENABLE_STRICT_OBJC_MSGSEND = YES;
				ENABLE_USER_SCRIPT_SANDBOXING = YES;
				GCC_C_LANGUAGE_STANDARD = gnu17;
				GCC_NO_COMMON_BLOCKS = YES;
				GCC_WARN_64_TO_32_BIT_CONVERSION = YES;
				GCC_WARN_ABOUT_RETURN_TYPE = YES_ERROR;
				GCC_WARN_UNDECLARED_SELECTOR = YES;
				GCC_WARN_UNINITIALIZED_AUTOS = YES_AGGRESSIVE;
				GCC_WARN_UNUSED_FUNCTION = YES;
				GCC_WARN_UNUSED_VARIABLE = YES;
				IPHONEOS_DEPLOYMENT_TARGET = 17.4;
				LOCALIZATION_PREFERS_STRING_CATALOGS = YES;
				MTL_ENABLE_DEBUG_INFO = NO;
				MTL_FAST_MATH = YES;
				SDKROOT = iphoneos;
				SWIFT_COMPILATION_MODE = wholemodule;
				VALIDATE_PRODUCT = YES;
			};
			name = Release;
		};
		F84CCE772C1634B8004B1815 /* Debug */ = {
			isa = XCBuildConfiguration;
			buildSettings = {
				ASSETCATALOG_COMPILER_APPICON_NAME = AppIcon;
				ASSETCATALOG_COMPILER_GLOBAL_ACCENT_COLOR_NAME = AccentColor;
				CODE_SIGN_STYLE = Automatic;
				CURRENT_PROJECT_VERSION = 1;
				GENERATE_INFOPLIST_FILE = YES;
				INFOPLIST_FILE = "CPSC5330-3/Info.plist";
				INFOPLIST_KEY_UIApplicationSupportsIndirectInputEvents = YES;
				INFOPLIST_KEY_UILaunchStoryboardName = LaunchScreen;
				INFOPLIST_KEY_UIMainStoryboardFile = Main;
				INFOPLIST_KEY_UISupportedInterfaceOrientations_iPad = "UIInterfaceOrientationPortrait UIInterfaceOrientationPortraitUpsideDown UIInterfaceOrientationLandscapeLeft UIInterfaceOrientationLandscapeRight";
				INFOPLIST_KEY_UISupportedInterfaceOrientations_iPhone = "UIInterfaceOrientationPortrait UIInterfaceOrientationLandscapeLeft UIInterfaceOrientationLandscapeRight";
				LD_RUNPATH_SEARCH_PATHS = (
					"$(inherited)",
					"@executable_path/Frameworks",
				);
				MARKETING_VERSION = 1.0;
				PRODUCT_BUNDLE_IDENTIFIER = "edu.auburn.onlinecsse.CPSC5330-3";
				PRODUCT_NAME = "$(TARGET_NAME)";
				SWIFT_EMIT_LOC_STRINGS = YES;
				SWIFT_VERSION = 5.0;
				TARGETED_DEVICE_FAMILY = "1,2";
			};
			name = Debug;
		};
		F84CCE782C1634B8004B1815 /* Release */ = {
			isa = XCBuildConfiguration;
			buildSettings = {
				ASSETCATALOG_COMPILER_APPICON_NAME = AppIcon;
				ASSETCATALOG_COMPILER_GLOBAL_ACCENT_COLOR_NAME = AccentColor;
				CODE_SIGN_STYLE = Automatic;
				CURRENT_PROJECT_VERSION = 1;
				GENERATE_INFOPLIST_FILE = YES;
				INFOPLIST_FILE = "CPSC5330-3/Info.plist";
				INFOPLIST_KEY_UIApplicationSupportsIndirectInputEvents = YES;
				INFOPLIST_KEY_UILaunchStoryboardName = LaunchScreen;
				INFOPLIST_KEY_UIMainStoryboardFile = Main;
				INFOPLIST_KEY_UISupportedInterfaceOrientations_iPad = "UIInterfaceOrientationPortrait UIInterfaceOrientationPortraitUpsideDown UIInterfaceOrientationLandscapeLeft UIInterfaceOrientationLandscapeRight";
				INFOPLIST_KEY_UISupportedInterfaceOrientations_iPhone = "UIInterfaceOrientationPortrait UIInterfaceOrientationLandscapeLeft UIInterfaceOrientationLandscapeRight";
				LD_RUNPATH_SEARCH_PATHS = (
					"$(inherited)",
					"@executable_path/Frameworks",
				);
				MARKETING_VERSION = 1.0;
				PRODUCT_BUNDLE_IDENTIFIER = "edu.auburn.onlinecsse.CPSC5330-3";
				PRODUCT_NAME = "$(TARGET_NAME)";
				SWIFT_EMIT_LOC_STRINGS = YES;
				SWIFT_VERSION = 5.0;
				TARGETED_DEVICE_FAMILY = "1,2";
			};
			name = Release;
		};
		F84CCE7A2C1634B8004B1815 /* Debug */ = {
			isa = XCBuildConfiguration;
			buildSettings = {
				ALWAYS_EMBED_SWIFT_STANDARD_LIBRARIES = YES;
				BUNDLE_LOADER = "$(TEST_HOST)";
				CODE_SIGN_STYLE = Automatic;
				CURRENT_PROJECT_VERSION = 1;
				GENERATE_INFOPLIST_FILE = YES;
				IPHONEOS_DEPLOYMENT_TARGET = 17.4;
				MARKETING_VERSION = 1.0;
				PRODUCT_BUNDLE_IDENTIFIER = "edu.auburn.onlinecsse.CPSC5330-3Tests";
				PRODUCT_NAME = "$(TARGET_NAME)";
				SWIFT_EMIT_LOC_STRINGS = NO;
				SWIFT_VERSION = 5.0;
				TARGETED_DEVICE_FAMILY = "1,2";
				TEST_HOST = "$(BUILT_PRODUCTS_DIR)/CPSC5330-3.app/$(BUNDLE_EXECUTABLE_FOLDER_PATH)/CPSC5330-3";
			};
			name = Debug;
		};
		F84CCE7B2C1634B8004B1815 /* Release */ = {
			isa = XCBuildConfiguration;
			buildSettings = {
				ALWAYS_EMBED_SWIFT_STANDARD_LIBRARIES = YES;
				BUNDLE_LOADER = "$(TEST_HOST)";
				CODE_SIGN_STYLE = Automatic;
				CURRENT_PROJECT_VERSION = 1;
				GENERATE_INFOPLIST_FILE = YES;
				IPHONEOS_DEPLOYMENT_TARGET = 17.4;
				MARKETING_VERSION = 1.0;
				PRODUCT_BUNDLE_IDENTIFIER = "edu.auburn.onlinecsse.CPSC5330-3Tests";
				PRODUCT_NAME = "$(TARGET_NAME)";
				SWIFT_EMIT_LOC_STRINGS = NO;
				SWIFT_VERSION = 5.0;
				TARGETED_DEVICE_FAMILY = "1,2";
				TEST_HOST = "$(BUILT_PRODUCTS_DIR)/CPSC5330-3.app/$(BUNDLE_EXECUTABLE_FOLDER_PATH)/CPSC5330-3";
			};
			name = Release;
		};
		F84CCE7D2C1634B8004B1815 /* Debug */ = {
			isa = XCBuildConfiguration;
			buildSettings = {
				ALWAYS_EMBED_SWIFT_STANDARD_LIBRARIES = YES;
				CODE_SIGN_STYLE = Automatic;
				CURRENT_PROJECT_VERSION = 1;
				GENERATE_INFOPLIST_FILE = YES;
				MARKETING_VERSION = 1.0;
				PRODUCT_BUNDLE_IDENTIFIER = "edu.auburn.onlinecsse.CPSC5330-3UITests";
				PRODUCT_NAME = "$(TARGET_NAME)";
				SWIFT_EMIT_LOC_STRINGS = NO;
				SWIFT_VERSION = 5.0;
				TARGETED_DEVICE_FAMILY = "1,2";
				TEST_TARGET_NAME = "CPSC5330-3";
			};
			name = Debug;
		};
		F84CCE7E2C1634B8004B1815 /* Release */ = {
			isa = XCBuildConfiguration;
			buildSettings = {
				ALWAYS_EMBED_SWIFT_STANDARD_LIBRARIES = YES;
				CODE_SIGN_STYLE = Automatic;
				CURRENT_PROJECT_VERSION = 1;
				GENERATE_INFOPLIST_FILE = YES;
				MARKETING_VERSION = 1.0;
				PRODUCT_BUNDLE_IDENTIFIER = "edu.auburn.onlinecsse.CPSC5330-3UITests";
				PRODUCT_NAME = "$(TARGET_NAME)";
				SWIFT_EMIT_LOC_STRINGS = NO;
				SWIFT_VERSION = 5.0;
				TARGETED_DEVICE_FAMILY = "1,2";
				TEST_TARGET_NAME = "CPSC5330-3";
			};
			name = Release;
		};
/* End XCBuildConfiguration section */

/* Begin XCConfigurationList section */
		F84CCE472C1634B6004B1815 /* Build configuration list for PBXProject "CPSC5330-3" */ = {
			isa = XCConfigurationList;
			buildConfigurations = (
				F84CCE742C1634B8004B1815 /* Debug */,
				F84CCE752C1634B8004B1815 /* Release */,
			);
			defaultConfigurationIsVisible = 0;
			defaultConfigurationName = Release;
		};
		F84CCE762C1634B8004B1815 /* Build configuration list for PBXNativeTarget "CPSC5330-3" */ = {
			isa = XCConfigurationList;
			buildConfigurations = (
				F84CCE772C1634B8004B1815 /* Debug */,
				F84CCE782C1634B8004B1815 /* Release */,
			);
			defaultConfigurationIsVisible = 0;
			defaultConfigurationName = Release;
		};
		F84CCE792C1634B8004B1815 /* Build configuration list for PBXNativeTarget "CPSC5330-3Tests" */ = {
			isa = XCConfigurationList;
			buildConfigurations = (
				F84CCE7A2C1634B8004B1815 /* Debug */,
				F84CCE7B2C1634B8004B1815 /* Release */,
			);
			defaultConfigurationIsVisible = 0;
			defaultConfigurationName = Release;
		};
		F84CCE7C2C1634B8004B1815 /* Build configuration list for PBXNativeTarget "CPSC5330-3UITests" */ = {
			isa = XCConfigurationList;
			buildConfigurations = (
				F84CCE7D2C1634B8004B1815 /* Debug */,
				F84CCE7E2C1634B8004B1815 /* Release */,
			);
			defaultConfigurationIsVisible = 0;
			defaultConfigurationName = Release;
		};
/* End XCConfigurationList section */
	};
	rootObject = F84CCE442C1634B6004B1815 /* Project object */;
}
